
Microsoft Visual Studio Solution File, Format Version 12.00
# Visual Studio 15
VisualStudioVersion = 15.0.27703.2042
MinimumVisualStudioVersion = 10.0.40219.1
Project("{FAE04EC0-301F-11D3-BF4B-00C04F79EFBC}") = "KedamaQueryBot", "KedamaQueryBot.csproj", "{12B2BA2B-F8B1-4C39-92F7-F6AF78631290}"
EndProject
Global
	GlobalSection(SolutionConfigurationPlatforms) = preSolution
		Debug|Any CPU = Debug|Any CPU
		Release|Any CPU = Release|Any CPU
	EndGlobalSection
	GlobalSection(ProjectConfigurationPlatforms) = postSolution
		{12B2BA2B-F8B1-4C39-92F7-F6AF78631290}.Debug|Any CPU.ActiveCfg = Debug|Any CPU
		{12B2BA2B-F8B1-4C39-92F7-F6AF78631290}.Debug|Any CPU.Build.0 = Debug|Any CPU
		{12B2BA2B-F8B1-4C39-92F7-F6AF78631290}.Release|Any CPU.ActiveCfg = Release|Any CPU
		{12B2BA2B-F8B1-4C39-92F7-F6AF78631290}.Release|Any CPU.Build.0 = Release|Any CPU
	EndGlobalSection
	GlobalSection(SolutionProperties) = preSolution
		HideSolutionNode = FALSE
	EndGlobalSection
	GlobalSection(ExtensibilityGlobals) = postSolution
		SolutionGuid = {7F9D8418-5A55-4F20-9BE9-02DF0F5F2806}
	EndGlobalSection
EndGlobal
